
Microsoft Visual Studio Solution File, Format Version 12.00
# Visual Studio Version 17
VisualStudioVersion = 17.14.36717.8 d17.14
MinimumVisualStudioVersion = 10.0.40219.1
Project("{FAE04EC0-301F-11D3-BF4B-00C04F79EFBC}") = "IzKalauzBackend.Tests", "IzKalauzBackend.Tests.csproj", "{48410B1C-364D-4D67-A896-5093C0C835FB}"
EndProject
Project("{FAE04EC0-301F-11D3-BF4B-00C04F79EFBC}") = "IzKalauzBackend", "..\..\Backend\Izkalauz-project-Backend\IzKalauzBackend\IzKalauzBackend.csproj", "{B06B1C70-8413-6CAB-E765-7561E545F70E}"
EndProject
Global
	GlobalSection(SolutionConfigurationPlatforms) = preSolution
		Debug|Any CPU = Debug|Any CPU
		Release|Any CPU = Release|Any CPU
	EndGlobalSection
	GlobalSection(ProjectConfigurationPlatforms) = postSolution
		{48410B1C-364D-4D67-A896-5093C0C835FB}.Debug|Any CPU.ActiveCfg = Debug|Any CPU
		{48410B1C-364D-4D67-A896-5093C0C835FB}.Debug|Any CPU.Build.0 = Debug|Any CPU
		{48410B1C-364D-4D67-A896-5093C0C835FB}.Release|Any CPU.ActiveCfg = Release|Any CPU
		{48410B1C-364D-4D67-A896-5093C0C835FB}.Release|Any CPU.Build.0 = Release|Any CPU
		{B06B1C70-8413-6CAB-E765-7561E545F70E}.Debug|Any CPU.ActiveCfg = Debug|Any CPU
		{B06B1C70-8413-6CAB-E765-7561E545F70E}.Debug|Any CPU.Build.0 = Debug|Any CPU
		{B06B1C70-8413-6CAB-E765-7561E545F70E}.Release|Any CPU.ActiveCfg = Release|Any CPU
		{B06B1C70-8413-6CAB-E765-7561E545F70E}.Release|Any CPU.Build.0 = Release|Any CPU
	EndGlobalSection
	GlobalSection(SolutionProperties) = preSolution
		HideSolutionNode = FALSE
	EndGlobalSection
	GlobalSection(ExtensibilityGlobals) = postSolution
		SolutionGuid = {78BC53B9-01B1-4C63-86A3-0F1341C8D14D}
	EndGlobalSection
EndGlobal
